// !$*UTF8*$!
{
	archiveVersion = 1;
	classes = {
	};
	objectVersion = 56;
	objects = {

/* Begin PBXBuildFile section */
		960E96832C22021000099F65 /* SettingsRowView.swift in Sources */ = {isa = PBXBuildFile; fileRef = 960E96822C22021000099F65 /* SettingsRowView.swift */; };
		960E96852C2203BD00099F65 /* User.swift in Sources */ = {isa = PBXBuildFile; fileRef = 960E96842C2203BD00099F65 /* User.swift */; };
		960E96872C2205A000099F65 /* GoogleService-Info.plist in Resources */ = {isa = PBXBuildFile; fileRef = 960E96862C22059F00099F65 /* GoogleService-Info.plist */; };
		960E968A2C22062C00099F65 /* FirebaseAuth in Frameworks */ = {isa = PBXBuildFile; productRef = 960E96892C22062C00099F65 /* FirebaseAuth */; };
		960E968C2C22062C00099F65 /* FirebaseFirestore in Frameworks */ = {isa = PBXBuildFile; productRef = 960E968B2C22062C00099F65 /* FirebaseFirestore */; };
		960E968E2C22062C00099F65 /* FirebaseFirestoreSwift in Frameworks */ = {isa = PBXBuildFile; productRef = 960E968D2C22062C00099F65 /* FirebaseFirestoreSwift */; };
		960E96902C22062C00099F65 /* FirebaseStorage in Frameworks */ = {isa = PBXBuildFile; productRef = 960E968F2C22062C00099F65 /* FirebaseStorage */; };
		960E96942C22069300099F65 /* AuthViewModel.swift in Sources */ = {isa = PBXBuildFile; fileRef = 960E96932C22069300099F65 /* AuthViewModel.swift */; };
		9637D2712C22FF4E00003762 /* Tab.swift in Sources */ = {isa = PBXBuildFile; fileRef = 9637D2702C22FF4E00003762 /* Tab.swift */; };
		9637D2762C2300AE00003762 /* TabBarView.swift in Sources */ = {isa = PBXBuildFile; fileRef = 9637D2752C2300AE00003762 /* TabBarView.swift */; };
		96B9C1622C1E03F4001E6854 /* Tally_MeApp.swift in Sources */ = {isa = PBXBuildFile; fileRef = 96B9C1612C1E03F4001E6854 /* Tally_MeApp.swift */; };
		96B9C1642C1E03F4001E6854 /* ContentView.swift in Sources */ = {isa = PBXBuildFile; fileRef = 96B9C1632C1E03F4001E6854 /* ContentView.swift */; };
		96B9C1662C1E03F5001E6854 /* Assets.xcassets in Resources */ = {isa = PBXBuildFile; fileRef = 96B9C1652C1E03F5001E6854 /* Assets.xcassets */; };
		96B9C16A2C1E03F5001E6854 /* Preview Assets.xcassets in Resources */ = {isa = PBXBuildFile; fileRef = 96B9C1692C1E03F5001E6854 /* Preview Assets.xcassets */; };
		96B9C1782C1E0536001E6854 /* LoginView.swift in Sources */ = {isa = PBXBuildFile; fileRef = 96B9C1772C1E0536001E6854 /* LoginView.swift */; };
		96B9C17A2C1E0628001E6854 /* InputView.swift in Sources */ = {isa = PBXBuildFile; fileRef = 96B9C1792C1E0628001E6854 /* InputView.swift */; };
		96B9C17C2C1E0BD7001E6854 /* RegistrationView.swift in Sources */ = {isa = PBXBuildFile; fileRef = 96B9C17B2C1E0BD7001E6854 /* RegistrationView.swift */; };
		96B9C17E2C1E0EBA001E6854 /* ProfileView.swift in Sources */ = {isa = PBXBuildFile; fileRef = 96B9C17D2C1E0EBA001E6854 /* ProfileView.swift */; };
/* End PBXBuildFile section */

/* Begin PBXFileReference section */
		960E96822C22021000099F65 /* SettingsRowView.swift */ = {isa = PBXFileReference; lastKnownFileType = sourcecode.swift; path = SettingsRowView.swift; sourceTree = "<group>"; };
		960E96842C2203BD00099F65 /* User.swift */ = {isa = PBXFileReference; lastKnownFileType = sourcecode.swift; path = User.swift; sourceTree = "<group>"; };
		960E96862C22059F00099F65 /* GoogleService-Info.plist */ = {isa = PBXFileReference; fileEncoding = 4; lastKnownFileType = text.plist.xml; path = "GoogleService-Info.plist"; sourceTree = "<group>"; };
		960E96932C22069300099F65 /* AuthViewModel.swift */ = {isa = PBXFileReference; lastKnownFileType = sourcecode.swift; path = AuthViewModel.swift; sourceTree = "<group>"; };
		9637D2702C22FF4E00003762 /* Tab.swift */ = {isa = PBXFileReference; lastKnownFileType = sourcecode.swift; path = Tab.swift; sourceTree = "<group>"; };
		9637D2752C2300AE00003762 /* TabBarView.swift */ = {isa = PBXFileReference; lastKnownFileType = sourcecode.swift; path = TabBarView.swift; sourceTree = "<group>"; };
		96B9C15E2C1E03F4001E6854 /* Tally Me.app */ = {isa = PBXFileReference; explicitFileType = wrapper.application; includeInIndex = 0; path = "Tally Me.app"; sourceTree = BUILT_PRODUCTS_DIR; };
		96B9C1612C1E03F4001E6854 /* Tally_MeApp.swift */ = {isa = PBXFileReference; lastKnownFileType = sourcecode.swift; path = Tally_MeApp.swift; sourceTree = "<group>"; };
		96B9C1632C1E03F4001E6854 /* ContentView.swift */ = {isa = PBXFileReference; lastKnownFileType = sourcecode.swift; path = ContentView.swift; sourceTree = "<group>"; };
		96B9C1652C1E03F5001E6854 /* Assets.xcassets */ = {isa = PBXFileReference; lastKnownFileType = folder.assetcatalog; path = Assets.xcassets; sourceTree = "<group>"; };
		96B9C1672C1E03F5001E6854 /* Tally_Me.entitlements */ = {isa = PBXFileReference; lastKnownFileType = text.plist.entitlements; path = Tally_Me.entitlements; sourceTree = "<group>"; };
		96B9C1692C1E03F5001E6854 /* Preview Assets.xcassets */ = {isa = PBXFileReference; lastKnownFileType = folder.assetcatalog; path = "Preview Assets.xcassets"; sourceTree = "<group>"; };
		96B9C1772C1E0536001E6854 /* LoginView.swift */ = {isa = PBXFileReference; lastKnownFileType = sourcecode.swift; path = LoginView.swift; sourceTree = "<group>"; };
		96B9C1792C1E0628001E6854 /* InputView.swift */ = {isa = PBXFileReference; lastKnownFileType = sourcecode.swift; path = InputView.swift; sourceTree = "<group>"; };
		96B9C17B2C1E0BD7001E6854 /* RegistrationView.swift */ = {isa = PBXFileReference; lastKnownFileType = sourcecode.swift; path = RegistrationView.swift; sourceTree = "<group>"; };
		96B9C17D2C1E0EBA001E6854 /* ProfileView.swift */ = {isa = PBXFileReference; lastKnownFileType = sourcecode.swift; path = ProfileView.swift; sourceTree = "<group>"; };
/* End PBXFileReference section */

/* Begin PBXFrameworksBuildPhase section */
		96B9C15B2C1E03F4001E6854 /* Frameworks */ = {
			isa = PBXFrameworksBuildPhase;
			buildActionMask = 2147483647;
			files = (
				960E968A2C22062C00099F65 /* FirebaseAuth in Frameworks */,
				960E96902C22062C00099F65 /* FirebaseStorage in Frameworks */,
				960E968C2C22062C00099F65 /* FirebaseFirestore in Frameworks */,
				960E968E2C22062C00099F65 /* FirebaseFirestoreSwift in Frameworks */,
			);
			runOnlyForDeploymentPostprocessing = 0;
		};
/* End PBXFrameworksBuildPhase section */

/* Begin PBXGroup section */
		960E96912C22067800099F65 /* View */ = {
			isa = PBXGroup;
			children = (
				96B9C1772C1E0536001E6854 /* LoginView.swift */,
				96B9C17B2C1E0BD7001E6854 /* RegistrationView.swift */,
			);
			path = View;
			sourceTree = "<group>";
		};
		960E96922C22067D00099F65 /* ViewModel */ = {
			isa = PBXGroup;
			children = (
				960E96932C22069300099F65 /* AuthViewModel.swift */,
			);
			path = ViewModel;
			sourceTree = "<group>";
		};
		9637D2722C23008E00003762 /* Tab Bar */ = {
			isa = PBXGroup;
			children = (
				9637D2752C2300AE00003762 /* TabBarView.swift */,
			);
			path = "Tab Bar";
			sourceTree = "<group>";
		};
		96B9C1552C1E03F4001E6854 = {
			isa = PBXGroup;
			children = (
				96B9C1602C1E03F4001E6854 /* Tally Me */,
				96B9C15F2C1E03F4001E6854 /* Products */,
			);
			sourceTree = "<group>";
		};
		96B9C15F2C1E03F4001E6854 /* Products */ = {
			isa = PBXGroup;
			children = (
				96B9C15E2C1E03F4001E6854 /* Tally Me.app */,
			);
			name = Products;
			sourceTree = "<group>";
		};
		96B9C1602C1E03F4001E6854 /* Tally Me */ = {
			isa = PBXGroup;
			children = (
				9637D2722C23008E00003762 /* Tab Bar */,
				96B9C1732C1E0438001E6854 /* Model */,
				96B9C1722C1E0431001E6854 /* Core */,
				96B9C1712C1E042B001E6854 /* Components */,
				96B9C1702C1E041B001E6854 /* App */,
				960E96862C22059F00099F65 /* GoogleService-Info.plist */,
				96B9C1652C1E03F5001E6854 /* Assets.xcassets */,
				96B9C1672C1E03F5001E6854 /* Tally_Me.entitlements */,
				96B9C1682C1E03F5001E6854 /* Preview Content */,
			);
			path = "Tally Me";
			sourceTree = "<group>";
		};
		96B9C1682C1E03F5001E6854 /* Preview Content */ = {
			isa = PBXGroup;
			children = (
				96B9C1692C1E03F5001E6854 /* Preview Assets.xcassets */,
			);
			path = "Preview Content";
			sourceTree = "<group>";
		};
		96B9C1702C1E041B001E6854 /* App */ = {
			isa = PBXGroup;
			children = (
				96B9C1612C1E03F4001E6854 /* Tally_MeApp.swift */,
			);
			path = App;
			sourceTree = "<group>";
		};
		96B9C1712C1E042B001E6854 /* Components */ = {
			isa = PBXGroup;
			children = (
				96B9C1792C1E0628001E6854 /* InputView.swift */,
				960E96822C22021000099F65 /* SettingsRowView.swift */,
			);
			path = Components;
			sourceTree = "<group>";
		};
		96B9C1722C1E0431001E6854 /* Core */ = {
			isa = PBXGroup;
			children = (
				96B9C1762C1E0509001E6854 /* Authentication */,
				96B9C1752C1E0505001E6854 /* Profile */,
				96B9C1742C1E04CD001E6854 /* Root */,
			);
			path = Core;
			sourceTree = "<group>";
		};
		96B9C1732C1E0438001E6854 /* Model */ = {
			isa = PBXGroup;
			children = (
				960E96842C2203BD00099F65 /* User.swift */,
				9637D2702C22FF4E00003762 /* Tab.swift */,
			);
			path = Model;
			sourceTree = "<group>";
		};
		96B9C1742C1E04CD001E6854 /* Root */ = {
			isa = PBXGroup;
			children = (
				96B9C1632C1E03F4001E6854 /* ContentView.swift */,
			);
			path = Root;
			sourceTree = "<group>";
		};
		96B9C1752C1E0505001E6854 /* Profile */ = {
			isa = PBXGroup;
			children = (
				96B9C17D2C1E0EBA001E6854 /* ProfileView.swift */,
			);
			path = Profile;
			sourceTree = "<group>";
		};
		96B9C1762C1E0509001E6854 /* Authentication */ = {
			isa = PBXGroup;
			children = (
				960E96922C22067D00099F65 /* ViewModel */,
				960E96912C22067800099F65 /* View */,
			);
			path = Authentication;
			sourceTree = "<group>";
		};
/* End PBXGroup section */

/* Begin PBXNativeTarget section */
		96B9C15D2C1E03F4001E6854 /* Tally Me */ = {
			isa = PBXNativeTarget;
			buildConfigurationList = 96B9C16D2C1E03F5001E6854 /* Build configuration list for PBXNativeTarget "Tally Me" */;
			buildPhases = (
				96B9C15A2C1E03F4001E6854 /* Sources */,
				96B9C15B2C1E03F4001E6854 /* Frameworks */,
				96B9C15C2C1E03F4001E6854 /* Resources */,
			);
			buildRules = (
			);
			dependencies = (
			);
			name = "Tally Me";
			packageProductDependencies = (
				960E96892C22062C00099F65 /* FirebaseAuth */,
				960E968B2C22062C00099F65 /* FirebaseFirestore */,
				960E968D2C22062C00099F65 /* FirebaseFirestoreSwift */,
				960E968F2C22062C00099F65 /* FirebaseStorage */,
			);
			productName = "Tally Me";
			productReference = 96B9C15E2C1E03F4001E6854 /* Tally Me.app */;
			productType = "com.apple.product-type.application";
		};
/* End PBXNativeTarget section */

/* Begin PBXProject section */
		96B9C1562C1E03F4001E6854 /* Project object */ = {
			isa = PBXProject;
			attributes = {
				BuildIndependentTargetsInParallel = 1;
				LastSwiftUpdateCheck = 1540;
				LastUpgradeCheck = 1540;
				TargetAttributes = {
					96B9C15D2C1E03F4001E6854 = {
						CreatedOnToolsVersion = 15.4;
					};
				};
			};
			buildConfigurationList = 96B9C1592C1E03F4001E6854 /* Build configuration list for PBXProject "Tally Me" */;
			compatibilityVersion = "Xcode 14.0";
			developmentRegion = en;
			hasScannedForEncodings = 0;
			knownRegions = (
				en,
				Base,
			);
			mainGroup = 96B9C1552C1E03F4001E6854;
			packageReferences = (
				960E96882C22062C00099F65 /* XCRemoteSwiftPackageReference "firebase-ios-sdk" */,
			);
			productRefGroup = 96B9C15F2C1E03F4001E6854 /* Products */;
			projectDirPath = "";
			projectRoot = "";
			targets = (
				96B9C15D2C1E03F4001E6854 /* Tally Me */,
			);
		};
/* End PBXProject section */

/* Begin PBXResourcesBuildPhase section */
		96B9C15C2C1E03F4001E6854 /* Resources */ = {
			isa = PBXResourcesBuildPhase;
			buildActionMask = 2147483647;
			files = (
				96B9C16A2C1E03F5001E6854 /* Preview Assets.xcassets in Resources */,
				96B9C1662C1E03F5001E6854 /* Assets.xcassets in Resources */,
				960E96872C2205A000099F65 /* GoogleService-Info.plist in Resources */,
			);
			runOnlyForDeploymentPostprocessing = 0;
		};
/* End PBXResourcesBuildPhase section */

/* Begin PBXSourcesBuildPhase section */
		96B9C15A2C1E03F4001E6854 /* Sources */ = {
			isa = PBXSourcesBuildPhase;
			buildActionMask = 2147483647;
			files = (
				96B9C1782C1E0536001E6854 /* LoginView.swift in Sources */,
				96B9C17A2C1E0628001E6854 /* InputView.swift in Sources */,
				96B9C1642C1E03F4001E6854 /* ContentView.swift in Sources */,
				96B9C1622C1E03F4001E6854 /* Tally_MeApp.swift in Sources */,
				960E96852C2203BD00099F65 /* User.swift in Sources */,
				9637D2762C2300AE00003762 /* TabBarView.swift in Sources */,
				96B9C17E2C1E0EBA001E6854 /* ProfileView.swift in Sources */,
				96B9C17C2C1E0BD7001E6854 /* RegistrationView.swift in Sources */,
				9637D2712C22FF4E00003762 /* Tab.swift in Sources */,
				960E96832C22021000099F65 /* SettingsRowView.swift in Sources */,
				960E96942C22069300099F65 /* AuthViewModel.swift in Sources */,
			);
			runOnlyForDeploymentPostprocessing = 0;
		};
/* End PBXSourcesBuildPhase section */

/* Begin XCBuildConfiguration section */
		96B9C16B2C1E03F5001E6854 /* Debug */ = {
			isa = XCBuildConfiguration;
			buildSettings = {
				ALWAYS_SEARCH_USER_PATHS = NO;
				ASSETCATALOG_COMPILER_GENERATE_SWIFT_ASSET_SYMBOL_EXTENSIONS = YES;
				CLANG_ANALYZER_NONNULL = YES;
				CLANG_ANALYZER_NUMBER_OBJECT_CONVERSION = YES_AGGRESSIVE;
				CLANG_CXX_LANGUAGE_STANDARD = "gnu++20";
				CLANG_ENABLE_MODULES = YES;
				CLANG_ENABLE_OBJC_ARC = YES;
				CLANG_ENABLE_OBJC_WEAK = YES;
				CLANG_WARN_BLOCK_CAPTURE_AUTORELEASING = YES;
				CLANG_WARN_BOOL_CONVERSION = YES;
				CLANG_WARN_COMMA = YES;
				CLANG_WARN_CONSTANT_CONVERSION = YES;
				CLANG_WARN_DEPRECATED_OBJC_IMPLEMENTATIONS = YES;
				CLANG_WARN_DIRECT_OBJC_ISA_USAGE = YES_ERROR;
				CLANG_WARN_DOCUMENTATION_COMMENTS = YES;
				CLANG_WARN_EMPTY_BODY = YES;
				CLANG_WARN_ENUM_CONVERSION = YES;
				CLANG_WARN_INFINITE_RECURSION = YES;
				CLANG_WARN_INT_CONVERSION = YES;
				CLANG_WARN_NON_LITERAL_NULL_CONVERSION = YES;
				CLANG_WARN_OBJC_IMPLICIT_RETAIN_SELF = YES;
				CLANG_WARN_OBJC_LITERAL_CONVERSION = YES;
				CLANG_WARN_OBJC_ROOT_CLASS = YES_ERROR;
				CLANG_WARN_QUOTED_INCLUDE_IN_FRAMEWORK_HEADER = YES;
				CLANG_WARN_RANGE_LOOP_ANALYSIS = YES;
				CLANG_WARN_STRICT_PROTOTYPES = YES;
				CLANG_WARN_SUSPICIOUS_MOVE = YES;
				CLANG_WARN_UNGUARDED_AVAILABILITY = YES_AGGRESSIVE;
				CLANG_WARN_UNREACHABLE_CODE = YES;
				CLANG_WARN__DUPLICATE_METHOD_MATCH = YES;
				COPY_PHASE_STRIP = NO;
				DEBUG_INFORMATION_FORMAT = dwarf;
				ENABLE_STRICT_OBJC_MSGSEND = YES;
				ENABLE_TESTABILITY = YES;
				ENABLE_USER_SCRIPT_SANDBOXING = YES;
				GCC_C_LANGUAGE_STANDARD = gnu17;
				GCC_DYNAMIC_NO_PIC = NO;
				GCC_NO_COMMON_BLOCKS = YES;
				GCC_OPTIMIZATION_LEVEL = 0;
				GCC_PREPROCESSOR_DEFINITIONS = (
					"DEBUG=1",
					"$(inherited)",
				);
				GCC_WARN_64_TO_32_BIT_CONVERSION = YES;
				GCC_WARN_ABOUT_RETURN_TYPE = YES_ERROR;
				GCC_WARN_UNDECLARED_SELECTOR = YES;
				GCC_WARN_UNINITIALIZED_AUTOS = YES_AGGRESSIVE;
				GCC_WARN_UNUSED_FUNCTION = YES;
				GCC_WARN_UNUSED_VARIABLE = YES;
				LOCALIZATION_PREFERS_STRING_CATALOGS = YES;
				MTL_ENABLE_DEBUG_INFO = INCLUDE_SOURCE;
				MTL_FAST_MATH = YES;
				ONLY_ACTIVE_ARCH = YES;
				SWIFT_ACTIVE_COMPILATION_CONDITIONS = "DEBUG $(inherited)";
				SWIFT_OPTIMIZATION_LEVEL = "-Onone";
			};
			name = Debug;
		};
		96B9C16C2C1E03F5001E6854 /* Release */ = {
			isa = XCBuildConfiguration;
			buildSettings = {
				ALWAYS_SEARCH_USER_PATHS = NO;
				ASSETCATALOG_COMPILER_GENERATE_SWIFT_ASSET_SYMBOL_EXTENSIONS = YES;
				CLANG_ANALYZER_NONNULL = YES;
				CLANG_ANALYZER_NUMBER_OBJECT_CONVERSION = YES_AGGRESSIVE;
				CLANG_CXX_LANGUAGE_STANDARD = "gnu++20";
				CLANG_ENABLE_MODULES = YES;
				CLANG_ENABLE_OBJC_ARC = YES;
				CLANG_ENABLE_OBJC_WEAK = YES;
				CLANG_WARN_BLOCK_CAPTURE_AUTORELEASING = YES;
				CLANG_WARN_BOOL_CONVERSION = YES;
				CLANG_WARN_COMMA = YES;
				CLANG_WARN_CONSTANT_CONVERSION = YES;
				CLANG_WARN_DEPRECATED_OBJC_IMPLEMENTATIONS = YES;
				CLANG_WARN_DIRECT_OBJC_ISA_USAGE = YES_ERROR;
				CLANG_WARN_DOCUMENTATION_COMMENTS = YES;
				CLANG_WARN_EMPTY_BODY = YES;
				CLANG_WARN_ENUM_CONVERSION = YES;
				CLANG_WARN_INFINITE_RECURSION = YES;
				CLANG_WARN_INT_CONVERSION = YES;
				CLANG_WARN_NON_LITERAL_NULL_CONVERSION = YES;
				CLANG_WARN_OBJC_IMPLICIT_RETAIN_SELF = YES;
				CLANG_WARN_OBJC_LITERAL_CONVERSION = YES;
				CLANG_WARN_OBJC_ROOT_CLASS = YES_ERROR;
				CLANG_WARN_QUOTED_INCLUDE_IN_FRAMEWORK_HEADER = YES;
				CLANG_WARN_RANGE_LOOP_ANALYSIS = YES;
				CLANG_WARN_STRICT_PROTOTYPES = YES;
				CLANG_WARN_SUSPICIOUS_MOVE = YES;
				CLANG_WARN_UNGUARDED_AVAILABILITY = YES_AGGRESSIVE;
				CLANG_WARN_UNREACHABLE_CODE = YES;
				CLANG_WARN__DUPLICATE_METHOD_MATCH = YES;
				COPY_PHASE_STRIP = NO;
				DEBUG_INFORMATION_FORMAT = "dwarf-with-dsym";
				ENABLE_NS_ASSERTIONS = NO;
				ENABLE_STRICT_OBJC_MSGSEND = YES;
				ENABLE_USER_SCRIPT_SANDBOXING = YES;
				GCC_C_LANGUAGE_STANDARD = gnu17;
				GCC_NO_COMMON_BLOCKS = YES;
				GCC_WARN_64_TO_32_BIT_CONVERSION = YES;
				GCC_WARN_ABOUT_RETURN_TYPE = YES_ERROR;
				GCC_WARN_UNDECLARED_SELECTOR = YES;
				GCC_WARN_UNINITIALIZED_AUTOS = YES_AGGRESSIVE;
				GCC_WARN_UNUSED_FUNCTION = YES;
				GCC_WARN_UNUSED_VARIABLE = YES;
				LOCALIZATION_PREFERS_STRING_CATALOGS = YES;
				MTL_ENABLE_DEBUG_INFO = NO;
				MTL_FAST_MATH = YES;
				SWIFT_COMPILATION_MODE = wholemodule;
			};
			name = Release;
		};
		96B9C16E2C1E03F5001E6854 /* Debug */ = {
			isa = XCBuildConfiguration;
			buildSettings = {
				ASSETCATALOG_COMPILER_APPICON_NAME = AppIcon;
				ASSETCATALOG_COMPILER_GLOBAL_ACCENT_COLOR_NAME = AccentColor;
				CODE_SIGN_ENTITLEMENTS = "Tally Me/Tally_Me.entitlements";
				CODE_SIGN_STYLE = Automatic;
				CURRENT_PROJECT_VERSION = 1;
				DEVELOPMENT_ASSET_PATHS = "\"Tally Me/Preview Content\"";
				DEVELOPMENT_TEAM = N8K7U35P26;
				ENABLE_HARDENED_RUNTIME = YES;
				ENABLE_PREVIEWS = YES;
				GENERATE_INFOPLIST_FILE = YES;
				"INFOPLIST_KEY_UIApplicationSceneManifest_Generation[sdk=iphoneos*]" = YES;
				"INFOPLIST_KEY_UIApplicationSceneManifest_Generation[sdk=iphonesimulator*]" = YES;
				"INFOPLIST_KEY_UIApplicationSupportsIndirectInputEvents[sdk=iphoneos*]" = YES;
				"INFOPLIST_KEY_UIApplicationSupportsIndirectInputEvents[sdk=iphonesimulator*]" = YES;
				"INFOPLIST_KEY_UILaunchScreen_Generation[sdk=iphoneos*]" = YES;
				"INFOPLIST_KEY_UILaunchScreen_Generation[sdk=iphonesimulator*]" = YES;
				"INFOPLIST_KEY_UIStatusBarStyle[sdk=iphoneos*]" = UIStatusBarStyleDefault;
				"INFOPLIST_KEY_UIStatusBarStyle[sdk=iphonesimulator*]" = UIStatusBarStyleDefault;
				INFOPLIST_KEY_UISupportedInterfaceOrientations_iPad = "UIInterfaceOrientationPortrait UIInterfaceOrientationPortraitUpsideDown UIInterfaceOrientationLandscapeLeft UIInterfaceOrientationLandscapeRight";
				INFOPLIST_KEY_UISupportedInterfaceOrientations_iPhone = "UIInterfaceOrientationPortrait UIInterfaceOrientationLandscapeLeft UIInterfaceOrientationLandscapeRight";
				IPHONEOS_DEPLOYMENT_TARGET = 17.5;
				LD_RUNPATH_SEARCH_PATHS = "@executable_path/Frameworks";
				"LD_RUNPATH_SEARCH_PATHS[sdk=macosx*]" = "@executable_path/../Frameworks";
				MACOSX_DEPLOYMENT_TARGET = 14.5;
				MARKETING_VERSION = 1.0;
				PRODUCT_BUNDLE_IDENTIFIER = "com.abdul.Tally-Me";
				PRODUCT_NAME = "$(TARGET_NAME)";
				SDKROOT = auto;
				SUPPORTED_PLATFORMS = "iphoneos iphonesimulator macosx";
				SWIFT_EMIT_LOC_STRINGS = YES;
				SWIFT_VERSION = 5.0;
				TARGETED_DEVICE_FAMILY = "1,2";
			};
			name = Debug;
		};
		96B9C16F2C1E03F5001E6854 /* Release */ = {
			isa = XCBuildConfiguration;
			buildSettings = {
				ASSETCATALOG_COMPILER_APPICON_NAME = AppIcon;
				ASSETCATALOG_COMPILER_GLOBAL_ACCENT_COLOR_NAME = AccentColor;
				CODE_SIGN_ENTITLEMENTS = "Tally Me/Tally_Me.entitlements";
				CODE_SIGN_STYLE = Automatic;
				CURRENT_PROJECT_VERSION = 1;
				DEVELOPMENT_ASSET_PATHS = "\"Tally Me/Preview Content\"";
				DEVELOPMENT_TEAM = N8K7U35P26;
				ENABLE_HARDENED_RUNTIME = YES;
				ENABLE_PREVIEWS = YES;
				GENERATE_INFOPLIST_FILE = YES;
				"INFOPLIST_KEY_UIApplicationSceneManifest_Generation[sdk=iphoneos*]" = YES;
				"INFOPLIST_KEY_UIApplicationSceneManifest_Generation[sdk=iphonesimulator*]" = YES;
				"INFOPLIST_KEY_UIApplicationSupportsIndirectInputEvents[sdk=iphoneos*]" = YES;
				"INFOPLIST_KEY_UIApplicationSupportsIndirectInputEvents[sdk=iphonesimulator*]" = YES;
				"INFOPLIST_KEY_UILaunchScreen_Generation[sdk=iphoneos*]" = YES;
				"INFOPLIST_KEY_UILaunchScreen_Generation[sdk=iphonesimulator*]" = YES;
				"INFOPLIST_KEY_UIStatusBarStyle[sdk=iphoneos*]" = UIStatusBarStyleDefault;
				"INFOPLIST_KEY_UIStatusBarStyle[sdk=iphonesimulator*]" = UIStatusBarStyleDefault;
				INFOPLIST_KEY_UISupportedInterfaceOrientations_iPad = "UIInterfaceOrientationPortrait UIInterfaceOrientationPortraitUpsideDown UIInterfaceOrientationLandscapeLeft UIInterfaceOrientationLandscapeRight";
				INFOPLIST_KEY_UISupportedInterfaceOrientations_iPhone = "UIInterfaceOrientationPortrait UIInterfaceOrientationLandscapeLeft UIInterfaceOrientationLandscapeRight";
				IPHONEOS_DEPLOYMENT_TARGET = 17.5;
				LD_RUNPATH_SEARCH_PATHS = "@executable_path/Frameworks";
				"LD_RUNPATH_SEARCH_PATHS[sdk=macosx*]" = "@executable_path/../Frameworks";
				MACOSX_DEPLOYMENT_TARGET = 14.5;
				MARKETING_VERSION = 1.0;
				PRODUCT_BUNDLE_IDENTIFIER = "com.abdul.Tally-Me";
				PRODUCT_NAME = "$(TARGET_NAME)";
				SDKROOT = auto;
				SUPPORTED_PLATFORMS = "iphoneos iphonesimulator macosx";
				SWIFT_EMIT_LOC_STRINGS = YES;
				SWIFT_VERSION = 5.0;
				TARGETED_DEVICE_FAMILY = "1,2";
			};
			name = Release;
		};
/* End XCBuildConfiguration section */

/* Begin XCConfigurationList section */
		96B9C1592C1E03F4001E6854 /* Build configuration list for PBXProject "Tally Me" */ = {
			isa = XCConfigurationList;
			buildConfigurations = (
				96B9C16B2C1E03F5001E6854 /* Debug */,
				96B9C16C2C1E03F5001E6854 /* Release */,
			);
			defaultConfigurationIsVisible = 0;
			defaultConfigurationName = Release;
		};
		96B9C16D2C1E03F5001E6854 /* Build configuration list for PBXNativeTarget "Tally Me" */ = {
			isa = XCConfigurationList;
			buildConfigurations = (
				96B9C16E2C1E03F5001E6854 /* Debug */,
				96B9C16F2C1E03F5001E6854 /* Release */,
			);
			defaultConfigurationIsVisible = 0;
			defaultConfigurationName = Release;
		};
/* End XCConfigurationList section */

/* Begin XCRemoteSwiftPackageReference section */
		960E96882C22062C00099F65 /* XCRemoteSwiftPackageReference "firebase-ios-sdk" */ = {
			isa = XCRemoteSwiftPackageReference;
			repositoryURL = "https://github.com/firebase/firebase-ios-sdk";
			requirement = {
				kind = upToNextMajorVersion;
				minimumVersion = 10.28.0;
			};
		};
/* End XCRemoteSwiftPackageReference section */

/* Begin XCSwiftPackageProductDependency section */
		960E96892C22062C00099F65 /* FirebaseAuth */ = {
			isa = XCSwiftPackageProductDependency;
			package = 960E96882C22062C00099F65 /* XCRemoteSwiftPackageReference "firebase-ios-sdk" */;
			productName = FirebaseAuth;
		};
		960E968B2C22062C00099F65 /* FirebaseFirestore */ = {
			isa = XCSwiftPackageProductDependency;
			package = 960E96882C22062C00099F65 /* XCRemoteSwiftPackageReference "firebase-ios-sdk" */;
			productName = FirebaseFirestore;
		};
		960E968D2C22062C00099F65 /* FirebaseFirestoreSwift */ = {
			isa = XCSwiftPackageProductDependency;
			package = 960E96882C22062C00099F65 /* XCRemoteSwiftPackageReference "firebase-ios-sdk" */;
			productName = FirebaseFirestoreSwift;
		};
		960E968F2C22062C00099F65 /* FirebaseStorage */ = {
			isa = XCSwiftPackageProductDependency;
			package = 960E96882C22062C00099F65 /* XCRemoteSwiftPackageReference "firebase-ios-sdk" */;
			productName = FirebaseStorage;
		};
/* End XCSwiftPackageProductDependency section */
	};
	rootObject = 96B9C1562C1E03F4001E6854 /* Project object */;
}
