// !$*UTF8*$!
{
	archiveVersion = 1;
	classes = {
	};
	objectVersion = 56;
	objects = {

/* Begin PBXBuildFile section */
		96967EDE2C1E02DE004F43B6 /* Tally_MeApp.swift in Sources */ = {isa = PBXBuildFile; fileRef = 96967EDD2C1E02DE004F43B6 /* Tally_MeApp.swift */; };
		96967EE02C1E02DE004F43B6 /* ContentView.swift in Sources */ = {isa = PBXBuildFile; fileRef = 96967EDF2C1E02DE004F43B6 /* ContentView.swift */; };
		96967EE22C1E02DF004F43B6 /* Assets.xcassets in Resources */ = {isa = PBXBuildFile; fileRef = 96967EE12C1E02DF004F43B6 /* Assets.xcassets */; };
		96967EE62C1E02DF004F43B6 /* Preview Assets.xcassets in Resources */ = {isa = PBXBuildFile; fileRef = 96967EE52C1E02DF004F43B6 /* Preview Assets.xcassets */; };
		96967EF02C1E02E0004F43B6 /* Tally_MeTests.swift in Sources */ = {isa = PBXBuildFile; fileRef = 96967EEF2C1E02E0004F43B6 /* Tally_MeTests.swift */; };
		96967EFA2C1E02E0004F43B6 /* Tally_MeUITests.swift in Sources */ = {isa = PBXBuildFile; fileRef = 96967EF92C1E02E0004F43B6 /* Tally_MeUITests.swift */; };
		96967EFC2C1E02E0004F43B6 /* Tally_MeUITestsLaunchTests.swift in Sources */ = {isa = PBXBuildFile; fileRef = 96967EFB2C1E02E0004F43B6 /* Tally_MeUITestsLaunchTests.swift */; };
/* End PBXBuildFile section */

/* Begin PBXContainerItemProxy section */
		96967EEC2C1E02E0004F43B6 /* PBXContainerItemProxy */ = {
			isa = PBXContainerItemProxy;
			containerPortal = 96967ED22C1E02DE004F43B6 /* Project object */;
			proxyType = 1;
			remoteGlobalIDString = 96967ED92C1E02DE004F43B6;
			remoteInfo = "Tally Me";
		};
		96967EF62C1E02E0004F43B6 /* PBXContainerItemProxy */ = {
			isa = PBXContainerItemProxy;
			containerPortal = 96967ED22C1E02DE004F43B6 /* Project object */;
			proxyType = 1;
			remoteGlobalIDString = 96967ED92C1E02DE004F43B6;
			remoteInfo = "Tally Me";
		};
/* End PBXContainerItemProxy section */

/* Begin PBXFileReference section */
		96967EDA2C1E02DE004F43B6 /* Tally Me.app */ = {isa = PBXFileReference; explicitFileType = wrapper.application; includeInIndex = 0; path = "Tally Me.app"; sourceTree = BUILT_PRODUCTS_DIR; };
		96967EDD2C1E02DE004F43B6 /* Tally_MeApp.swift */ = {isa = PBXFileReference; lastKnownFileType = sourcecode.swift; path = Tally_MeApp.swift; sourceTree = "<group>"; };
		96967EDF2C1E02DE004F43B6 /* ContentView.swift */ = {isa = PBXFileReference; lastKnownFileType = sourcecode.swift; path = ContentView.swift; sourceTree = "<group>"; };
		96967EE12C1E02DF004F43B6 /* Assets.xcassets */ = {isa = PBXFileReference; lastKnownFileType = folder.assetcatalog; path = Assets.xcassets; sourceTree = "<group>"; };
		96967EE32C1E02DF004F43B6 /* Tally_Me.entitlements */ = {isa = PBXFileReference; lastKnownFileType = text.plist.entitlements; path = Tally_Me.entitlements; sourceTree = "<group>"; };
		96967EE52C1E02DF004F43B6 /* Preview Assets.xcassets */ = {isa = PBXFileReference; lastKnownFileType = folder.assetcatalog; path = "Preview Assets.xcassets"; sourceTree = "<group>"; };
		96967EEB2C1E02E0004F43B6 /* Tally MeTests.xctest */ = {isa = PBXFileReference; explicitFileType = wrapper.cfbundle; includeInIndex = 0; path = "Tally MeTests.xctest"; sourceTree = BUILT_PRODUCTS_DIR; };
		96967EEF2C1E02E0004F43B6 /* Tally_MeTests.swift */ = {isa = PBXFileReference; lastKnownFileType = sourcecode.swift; path = Tally_MeTests.swift; sourceTree = "<group>"; };
		96967EF52C1E02E0004F43B6 /* Tally MeUITests.xctest */ = {isa = PBXFileReference; explicitFileType = wrapper.cfbundle; includeInIndex = 0; path = "Tally MeUITests.xctest"; sourceTree = BUILT_PRODUCTS_DIR; };
		96967EF92C1E02E0004F43B6 /* Tally_MeUITests.swift */ = {isa = PBXFileReference; lastKnownFileType = sourcecode.swift; path = Tally_MeUITests.swift; sourceTree = "<group>"; };
		96967EFB2C1E02E0004F43B6 /* Tally_MeUITestsLaunchTests.swift */ = {isa = PBXFileReference; lastKnownFileType = sourcecode.swift; path = Tally_MeUITestsLaunchTests.swift; sourceTree = "<group>"; };
/* End PBXFileReference section */

/* Begin PBXFrameworksBuildPhase section */
		96967ED72C1E02DE004F43B6 /* Frameworks */ = {
			isa = PBXFrameworksBuildPhase;
			buildActionMask = 2147483647;
			files = (
			);
			runOnlyForDeploymentPostprocessing = 0;
		};
		96967EE82C1E02E0004F43B6 /* Frameworks */ = {
			isa = PBXFrameworksBuildPhase;
			buildActionMask = 2147483647;
			files = (
			);
			runOnlyForDeploymentPostprocessing = 0;
		};
		96967EF22C1E02E0004F43B6 /* Frameworks */ = {
			isa = PBXFrameworksBuildPhase;
			buildActionMask = 2147483647;
			files = (
			);
			runOnlyForDeploymentPostprocessing = 0;
		};
/* End PBXFrameworksBuildPhase section */

/* Begin PBXGroup section */
		96967ED12C1E02DE004F43B6 = {
			isa = PBXGroup;
			children = (
				96967EDC2C1E02DE004F43B6 /* Tally Me */,
				96967EEE2C1E02E0004F43B6 /* Tally MeTests */,
				96967EF82C1E02E0004F43B6 /* Tally MeUITests */,
				96967EDB2C1E02DE004F43B6 /* Products */,
			);
			sourceTree = "<group>";
		};
		96967EDB2C1E02DE004F43B6 /* Products */ = {
			isa = PBXGroup;
			children = (
				96967EDA2C1E02DE004F43B6 /* Tally Me.app */,
				96967EEB2C1E02E0004F43B6 /* Tally MeTests.xctest */,
				96967EF52C1E02E0004F43B6 /* Tally MeUITests.xctest */,
			);
			name = Products;
			sourceTree = "<group>";
		};
		96967EDC2C1E02DE004F43B6 /* Tally Me */ = {
			isa = PBXGroup;
			children = (
				96967EDD2C1E02DE004F43B6 /* Tally_MeApp.swift */,
				96967EDF2C1E02DE004F43B6 /* ContentView.swift */,
				96967EE12C1E02DF004F43B6 /* Assets.xcassets */,
				96967EE32C1E02DF004F43B6 /* Tally_Me.entitlements */,
				96967EE42C1E02DF004F43B6 /* Preview Content */,
			);
			path = "Tally Me";
			sourceTree = "<group>";
		};
		96967EE42C1E02DF004F43B6 /* Preview Content */ = {
			isa = PBXGroup;
			children = (
				96967EE52C1E02DF004F43B6 /* Preview Assets.xcassets */,
			);
			path = "Preview Content";
			sourceTree = "<group>";
		};
		96967EEE2C1E02E0004F43B6 /* Tally MeTests */ = {
			isa = PBXGroup;
			children = (
				96967EEF2C1E02E0004F43B6 /* Tally_MeTests.swift */,
			);
			path = "Tally MeTests";
			sourceTree = "<group>";
		};
		96967EF82C1E02E0004F43B6 /* Tally MeUITests */ = {
			isa = PBXGroup;
			children = (
				96967EF92C1E02E0004F43B6 /* Tally_MeUITests.swift */,
				96967EFB2C1E02E0004F43B6 /* Tally_MeUITestsLaunchTests.swift */,
			);
			path = "Tally MeUITests";
			sourceTree = "<group>";
		};
/* End PBXGroup section */

/* Begin PBXNativeTarget section */
		96967ED92C1E02DE004F43B6 /* Tally Me */ = {
			isa = PBXNativeTarget;
			buildConfigurationList = 96967EFF2C1E02E0004F43B6 /* Build configuration list for PBXNativeTarget "Tally Me" */;
			buildPhases = (
				96967ED62C1E02DE004F43B6 /* Sources */,
				96967ED72C1E02DE004F43B6 /* Frameworks */,
				96967ED82C1E02DE004F43B6 /* Resources */,
			);
			buildRules = (
			);
			dependencies = (
			);
			name = "Tally Me";
			productName = "Tally Me";
			productReference = 96967EDA2C1E02DE004F43B6 /* Tally Me.app */;
			productType = "com.apple.product-type.application";
		};
		96967EEA2C1E02E0004F43B6 /* Tally MeTests */ = {
			isa = PBXNativeTarget;
			buildConfigurationList = 96967F022C1E02E0004F43B6 /* Build configuration list for PBXNativeTarget "Tally MeTests" */;
			buildPhases = (
				96967EE72C1E02E0004F43B6 /* Sources */,
				96967EE82C1E02E0004F43B6 /* Frameworks */,
				96967EE92C1E02E0004F43B6 /* Resources */,
			);
			buildRules = (
			);
			dependencies = (
				96967EED2C1E02E0004F43B6 /* PBXTargetDependency */,
			);
			name = "Tally MeTests";
			productName = "Tally MeTests";
			productReference = 96967EEB2C1E02E0004F43B6 /* Tally MeTests.xctest */;
			productType = "com.apple.product-type.bundle.unit-test";
		};
		96967EF42C1E02E0004F43B6 /* Tally MeUITests */ = {
			isa = PBXNativeTarget;
			buildConfigurationList = 96967F052C1E02E0004F43B6 /* Build configuration list for PBXNativeTarget "Tally MeUITests" */;
			buildPhases = (
				96967EF12C1E02E0004F43B6 /* Sources */,
				96967EF22C1E02E0004F43B6 /* Frameworks */,
				96967EF32C1E02E0004F43B6 /* Resources */,
			);
			buildRules = (
			);
			dependencies = (
				96967EF72C1E02E0004F43B6 /* PBXTargetDependency */,
			);
			name = "Tally MeUITests";
			productName = "Tally MeUITests";
			productReference = 96967EF52C1E02E0004F43B6 /* Tally MeUITests.xctest */;
			productType = "com.apple.product-type.bundle.ui-testing";
		};
/* End PBXNativeTarget section */

/* Begin PBXProject section */
		96967ED22C1E02DE004F43B6 /* Project object */ = {
			isa = PBXProject;
			attributes = {
				BuildIndependentTargetsInParallel = 1;
				LastSwiftUpdateCheck = 1540;
				LastUpgradeCheck = 1540;
				TargetAttributes = {
					96967ED92C1E02DE004F43B6 = {
						CreatedOnToolsVersion = 15.4;
					};
					96967EEA2C1E02E0004F43B6 = {
						CreatedOnToolsVersion = 15.4;
						TestTargetID = 96967ED92C1E02DE004F43B6;
					};
					96967EF42C1E02E0004F43B6 = {
						CreatedOnToolsVersion = 15.4;
						TestTargetID = 96967ED92C1E02DE004F43B6;
					};
				};
			};
			buildConfigurationList = 96967ED52C1E02DE004F43B6 /* Build configuration list for PBXProject "Tally Me" */;
			compatibilityVersion = "Xcode 14.0";
			developmentRegion = en;
			hasScannedForEncodings = 0;
			knownRegions = (
				en,
				Base,
			);
			mainGroup = 96967ED12C1E02DE004F43B6;
			productRefGroup = 96967EDB2C1E02DE004F43B6 /* Products */;
			projectDirPath = "";
			projectRoot = "";
			targets = (
				96967ED92C1E02DE004F43B6 /* Tally Me */,
				96967EEA2C1E02E0004F43B6 /* Tally MeTests */,
				96967EF42C1E02E0004F43B6 /* Tally MeUITests */,
			);
		};
/* End PBXProject section */

/* Begin PBXResourcesBuildPhase section */
		96967ED82C1E02DE004F43B6 /* Resources */ = {
			isa = PBXResourcesBuildPhase;
			buildActionMask = 2147483647;
			files = (
				96967EE62C1E02DF004F43B6 /* Preview Assets.xcassets in Resources */,
				96967EE22C1E02DF004F43B6 /* Assets.xcassets in Resources */,
			);
			runOnlyForDeploymentPostprocessing = 0;
		};
		96967EE92C1E02E0004F43B6 /* Resources */ = {
			isa = PBXResourcesBuildPhase;
			buildActionMask = 2147483647;
			files = (
			);
			runOnlyForDeploymentPostprocessing = 0;
		};
		96967EF32C1E02E0004F43B6 /* Resources */ = {
			isa = PBXResourcesBuildPhase;
			buildActionMask = 2147483647;
			files = (
			);
			runOnlyForDeploymentPostprocessing = 0;
		};
/* End PBXResourcesBuildPhase section */

/* Begin PBXSourcesBuildPhase section */
		96967ED62C1E02DE004F43B6 /* Sources */ = {
			isa = PBXSourcesBuildPhase;
			buildActionMask = 2147483647;
			files = (
				96967EE02C1E02DE004F43B6 /* ContentView.swift in Sources */,
				96967EDE2C1E02DE004F43B6 /* Tally_MeApp.swift in Sources */,
			);
			runOnlyForDeploymentPostprocessing = 0;
		};
		96967EE72C1E02E0004F43B6 /* Sources */ = {
			isa = PBXSourcesBuildPhase;
			buildActionMask = 2147483647;
			files = (
				96967EF02C1E02E0004F43B6 /* Tally_MeTests.swift in Sources */,
			);
			runOnlyForDeploymentPostprocessing = 0;
		};
		96967EF12C1E02E0004F43B6 /* Sources */ = {
			isa = PBXSourcesBuildPhase;
			buildActionMask = 2147483647;
			files = (
				96967EFC2C1E02E0004F43B6 /* Tally_MeUITestsLaunchTests.swift in Sources */,
				96967EFA2C1E02E0004F43B6 /* Tally_MeUITests.swift in Sources */,
			);
			runOnlyForDeploymentPostprocessing = 0;
		};
/* End PBXSourcesBuildPhase section */

/* Begin PBXTargetDependency section */
		96967EED2C1E02E0004F43B6 /* PBXTargetDependency */ = {
			isa = PBXTargetDependency;
			target = 96967ED92C1E02DE004F43B6 /* Tally Me */;
			targetProxy = 96967EEC2C1E02E0004F43B6 /* PBXContainerItemProxy */;
		};
		96967EF72C1E02E0004F43B6 /* PBXTargetDependency */ = {
			isa = PBXTargetDependency;
			target = 96967ED92C1E02DE004F43B6 /* Tally Me */;
			targetProxy = 96967EF62C1E02E0004F43B6 /* PBXContainerItemProxy */;
		};
/* End PBXTargetDependency section */

/* Begin XCBuildConfiguration section */
		96967EFD2C1E02E0004F43B6 /* Debug */ = {
			isa = XCBuildConfiguration;
			buildSettings = {
				ALWAYS_SEARCH_USER_PATHS = NO;
				ASSETCATALOG_COMPILER_GENERATE_SWIFT_ASSET_SYMBOL_EXTENSIONS = YES;
				CLANG_ANALYZER_NONNULL = YES;
				CLANG_ANALYZER_NUMBER_OBJECT_CONVERSION = YES_AGGRESSIVE;
				CLANG_CXX_LANGUAGE_STANDARD = "gnu++20";
				CLANG_ENABLE_MODULES = YES;
				CLANG_ENABLE_OBJC_ARC = YES;
				CLANG_ENABLE_OBJC_WEAK = YES;
				CLANG_WARN_BLOCK_CAPTURE_AUTORELEASING = YES;
				CLANG_WARN_BOOL_CONVERSION = YES;
				CLANG_WARN_COMMA = YES;
				CLANG_WARN_CONSTANT_CONVERSION = YES;
				CLANG_WARN_DEPRECATED_OBJC_IMPLEMENTATIONS = YES;
				CLANG_WARN_DIRECT_OBJC_ISA_USAGE = YES_ERROR;
				CLANG_WARN_DOCUMENTATION_COMMENTS = YES;
				CLANG_WARN_EMPTY_BODY = YES;
				CLANG_WARN_ENUM_CONVERSION = YES;
				CLANG_WARN_INFINITE_RECURSION = YES;
				CLANG_WARN_INT_CONVERSION = YES;
				CLANG_WARN_NON_LITERAL_NULL_CONVERSION = YES;
				CLANG_WARN_OBJC_IMPLICIT_RETAIN_SELF = YES;
				CLANG_WARN_OBJC_LITERAL_CONVERSION = YES;
				CLANG_WARN_OBJC_ROOT_CLASS = YES_ERROR;
				CLANG_WARN_QUOTED_INCLUDE_IN_FRAMEWORK_HEADER = YES;
				CLANG_WARN_RANGE_LOOP_ANALYSIS = YES;
				CLANG_WARN_STRICT_PROTOTYPES = YES;
				CLANG_WARN_SUSPICIOUS_MOVE = YES;
				CLANG_WARN_UNGUARDED_AVAILABILITY = YES_AGGRESSIVE;
				CLANG_WARN_UNREACHABLE_CODE = YES;
				CLANG_WARN__DUPLICATE_METHOD_MATCH = YES;
				COPY_PHASE_STRIP = NO;
				DEBUG_INFORMATION_FORMAT = dwarf;
				ENABLE_STRICT_OBJC_MSGSEND = YES;
				ENABLE_TESTABILITY = YES;
				ENABLE_USER_SCRIPT_SANDBOXING = YES;
				GCC_C_LANGUAGE_STANDARD = gnu17;
				GCC_DYNAMIC_NO_PIC = NO;
				GCC_NO_COMMON_BLOCKS = YES;
				GCC_OPTIMIZATION_LEVEL = 0;
				GCC_PREPROCESSOR_DEFINITIONS = (
					"DEBUG=1",
					"$(inherited)",
				);
				GCC_WARN_64_TO_32_BIT_CONVERSION = YES;
				GCC_WARN_ABOUT_RETURN_TYPE = YES_ERROR;
				GCC_WARN_UNDECLARED_SELECTOR = YES;
				GCC_WARN_UNINITIALIZED_AUTOS = YES_AGGRESSIVE;
				GCC_WARN_UNUSED_FUNCTION = YES;
				GCC_WARN_UNUSED_VARIABLE = YES;
				LOCALIZATION_PREFERS_STRING_CATALOGS = YES;
				MTL_ENABLE_DEBUG_INFO = INCLUDE_SOURCE;
				MTL_FAST_MATH = YES;
				ONLY_ACTIVE_ARCH = YES;
				SWIFT_ACTIVE_COMPILATION_CONDITIONS = "DEBUG $(inherited)";
				SWIFT_OPTIMIZATION_LEVEL = "-Onone";
			};
			name = Debug;
		};
		96967EFE2C1E02E0004F43B6 /* Release */ = {
			isa = XCBuildConfiguration;
			buildSettings = {
				ALWAYS_SEARCH_USER_PATHS = NO;
				ASSETCATALOG_COMPILER_GENERATE_SWIFT_ASSET_SYMBOL_EXTENSIONS = YES;
				CLANG_ANALYZER_NONNULL = YES;
				CLANG_ANALYZER_NUMBER_OBJECT_CONVERSION = YES_AGGRESSIVE;
				CLANG_CXX_LANGUAGE_STANDARD = "gnu++20";
				CLANG_ENABLE_MODULES = YES;
				CLANG_ENABLE_OBJC_ARC = YES;
				CLANG_ENABLE_OBJC_WEAK = YES;
				CLANG_WARN_BLOCK_CAPTURE_AUTORELEASING = YES;
				CLANG_WARN_BOOL_CONVERSION = YES;
				CLANG_WARN_COMMA = YES;
				CLANG_WARN_CONSTANT_CONVERSION = YES;
				CLANG_WARN_DEPRECATED_OBJC_IMPLEMENTATIONS = YES;
				CLANG_WARN_DIRECT_OBJC_ISA_USAGE = YES_ERROR;
				CLANG_WARN_DOCUMENTATION_COMMENTS = YES;
				CLANG_WARN_EMPTY_BODY = YES;
				CLANG_WARN_ENUM_CONVERSION = YES;
				CLANG_WARN_INFINITE_RECURSION = YES;
				CLANG_WARN_INT_CONVERSION = YES;
				CLANG_WARN_NON_LITERAL_NULL_CONVERSION = YES;
				CLANG_WARN_OBJC_IMPLICIT_RETAIN_SELF = YES;
				CLANG_WARN_OBJC_LITERAL_CONVERSION = YES;
				CLANG_WARN_OBJC_ROOT_CLASS = YES_ERROR;
				CLANG_WARN_QUOTED_INCLUDE_IN_FRAMEWORK_HEADER = YES;
				CLANG_WARN_RANGE_LOOP_ANALYSIS = YES;
				CLANG_WARN_STRICT_PROTOTYPES = YES;
				CLANG_WARN_SUSPICIOUS_MOVE = YES;
				CLANG_WARN_UNGUARDED_AVAILABILITY = YES_AGGRESSIVE;
				CLANG_WARN_UNREACHABLE_CODE = YES;
				CLANG_WARN__DUPLICATE_METHOD_MATCH = YES;
				COPY_PHASE_STRIP = NO;
				DEBUG_INFORMATION_FORMAT = "dwarf-with-dsym";
				ENABLE_NS_ASSERTIONS = NO;
				ENABLE_STRICT_OBJC_MSGSEND = YES;
				ENABLE_USER_SCRIPT_SANDBOXING = YES;
				GCC_C_LANGUAGE_STANDARD = gnu17;
				GCC_NO_COMMON_BLOCKS = YES;
				GCC_WARN_64_TO_32_BIT_CONVERSION = YES;
				GCC_WARN_ABOUT_RETURN_TYPE = YES_ERROR;
				GCC_WARN_UNDECLARED_SELECTOR = YES;
				GCC_WARN_UNINITIALIZED_AUTOS = YES_AGGRESSIVE;
				GCC_WARN_UNUSED_FUNCTION = YES;
				GCC_WARN_UNUSED_VARIABLE = YES;
				LOCALIZATION_PREFERS_STRING_CATALOGS = YES;
				MTL_ENABLE_DEBUG_INFO = NO;
				MTL_FAST_MATH = YES;
				SWIFT_COMPILATION_MODE = wholemodule;
			};
			name = Release;
		};
		96967F002C1E02E0004F43B6 /* Debug */ = {
			isa = XCBuildConfiguration;
			buildSettings = {
				ASSETCATALOG_COMPILER_APPICON_NAME = AppIcon;
				ASSETCATALOG_COMPILER_GLOBAL_ACCENT_COLOR_NAME = AccentColor;
				CODE_SIGN_ENTITLEMENTS = "Tally Me/Tally_Me.entitlements";
				CODE_SIGN_STYLE = Automatic;
				CURRENT_PROJECT_VERSION = 1;
				DEVELOPMENT_ASSET_PATHS = "\"Tally Me/Preview Content\"";
				DEVELOPMENT_TEAM = N8K7U35P26;
				ENABLE_HARDENED_RUNTIME = YES;
				ENABLE_PREVIEWS = YES;
				GENERATE_INFOPLIST_FILE = YES;
				"INFOPLIST_KEY_UIApplicationSceneManifest_Generation[sdk=iphoneos*]" = YES;
				"INFOPLIST_KEY_UIApplicationSceneManifest_Generation[sdk=iphonesimulator*]" = YES;
				"INFOPLIST_KEY_UIApplicationSupportsIndirectInputEvents[sdk=iphoneos*]" = YES;
				"INFOPLIST_KEY_UIApplicationSupportsIndirectInputEvents[sdk=iphonesimulator*]" = YES;
				"INFOPLIST_KEY_UILaunchScreen_Generation[sdk=iphoneos*]" = YES;
				"INFOPLIST_KEY_UILaunchScreen_Generation[sdk=iphonesimulator*]" = YES;
				"INFOPLIST_KEY_UIStatusBarStyle[sdk=iphoneos*]" = UIStatusBarStyleDefault;
				"INFOPLIST_KEY_UIStatusBarStyle[sdk=iphonesimulator*]" = UIStatusBarStyleDefault;
				INFOPLIST_KEY_UISupportedInterfaceOrientations_iPad = "UIInterfaceOrientationPortrait UIInterfaceOrientationPortraitUpsideDown UIInterfaceOrientationLandscapeLeft UIInterfaceOrientationLandscapeRight";
				INFOPLIST_KEY_UISupportedInterfaceOrientations_iPhone = "UIInterfaceOrientationPortrait UIInterfaceOrientationLandscapeLeft UIInterfaceOrientationLandscapeRight";
				IPHONEOS_DEPLOYMENT_TARGET = 17.5;
				LD_RUNPATH_SEARCH_PATHS = "@executable_path/Frameworks";
				"LD_RUNPATH_SEARCH_PATHS[sdk=macosx*]" = "@executable_path/../Frameworks";
				MACOSX_DEPLOYMENT_TARGET = 14.5;
				MARKETING_VERSION = 1.0;
				PRODUCT_BUNDLE_IDENTIFIER = "com.abdul.Tally-Me";
				PRODUCT_NAME = "$(TARGET_NAME)";
				SDKROOT = auto;
				SUPPORTED_PLATFORMS = "iphoneos iphonesimulator macosx";
				SWIFT_EMIT_LOC_STRINGS = YES;
				SWIFT_VERSION = 5.0;
				TARGETED_DEVICE_FAMILY = "1,2";
			};
			name = Debug;
		};
		96967F012C1E02E0004F43B6 /* Release */ = {
			isa = XCBuildConfiguration;
			buildSettings = {
				ASSETCATALOG_COMPILER_APPICON_NAME = AppIcon;
				ASSETCATALOG_COMPILER_GLOBAL_ACCENT_COLOR_NAME = AccentColor;
				CODE_SIGN_ENTITLEMENTS = "Tally Me/Tally_Me.entitlements";
				CODE_SIGN_STYLE = Automatic;
				CURRENT_PROJECT_VERSION = 1;
				DEVELOPMENT_ASSET_PATHS = "\"Tally Me/Preview Content\"";
				DEVELOPMENT_TEAM = N8K7U35P26;
				ENABLE_HARDENED_RUNTIME = YES;
				ENABLE_PREVIEWS = YES;
				GENERATE_INFOPLIST_FILE = YES;
				"INFOPLIST_KEY_UIApplicationSceneManifest_Generation[sdk=iphoneos*]" = YES;
				"INFOPLIST_KEY_UIApplicationSceneManifest_Generation[sdk=iphonesimulator*]" = YES;
				"INFOPLIST_KEY_UIApplicationSupportsIndirectInputEvents[sdk=iphoneos*]" = YES;
				"INFOPLIST_KEY_UIApplicationSupportsIndirectInputEvents[sdk=iphonesimulator*]" = YES;
				"INFOPLIST_KEY_UILaunchScreen_Generation[sdk=iphoneos*]" = YES;
				"INFOPLIST_KEY_UILaunchScreen_Generation[sdk=iphonesimulator*]" = YES;
				"INFOPLIST_KEY_UIStatusBarStyle[sdk=iphoneos*]" = UIStatusBarStyleDefault;
				"INFOPLIST_KEY_UIStatusBarStyle[sdk=iphonesimulator*]" = UIStatusBarStyleDefault;
				INFOPLIST_KEY_UISupportedInterfaceOrientations_iPad = "UIInterfaceOrientationPortrait UIInterfaceOrientationPortraitUpsideDown UIInterfaceOrientationLandscapeLeft UIInterfaceOrientationLandscapeRight";
				INFOPLIST_KEY_UISupportedInterfaceOrientations_iPhone = "UIInterfaceOrientationPortrait UIInterfaceOrientationLandscapeLeft UIInterfaceOrientationLandscapeRight";
				IPHONEOS_DEPLOYMENT_TARGET = 17.5;
				LD_RUNPATH_SEARCH_PATHS = "@executable_path/Frameworks";
				"LD_RUNPATH_SEARCH_PATHS[sdk=macosx*]" = "@executable_path/../Frameworks";
				MACOSX_DEPLOYMENT_TARGET = 14.5;
				MARKETING_VERSION = 1.0;
				PRODUCT_BUNDLE_IDENTIFIER = "com.abdul.Tally-Me";
				PRODUCT_NAME = "$(TARGET_NAME)";
				SDKROOT = auto;
				SUPPORTED_PLATFORMS = "iphoneos iphonesimulator macosx";
				SWIFT_EMIT_LOC_STRINGS = YES;
				SWIFT_VERSION = 5.0;
				TARGETED_DEVICE_FAMILY = "1,2";
			};
			name = Release;
		};
		96967F032C1E02E0004F43B6 /* Debug */ = {
			isa = XCBuildConfiguration;
			buildSettings = {
				ALWAYS_EMBED_SWIFT_STANDARD_LIBRARIES = YES;
				BUNDLE_LOADER = "$(TEST_HOST)";
				CODE_SIGN_STYLE = Automatic;
				CURRENT_PROJECT_VERSION = 1;
				DEVELOPMENT_TEAM = N8K7U35P26;
				GENERATE_INFOPLIST_FILE = YES;
				IPHONEOS_DEPLOYMENT_TARGET = 17.5;
				MACOSX_DEPLOYMENT_TARGET = 14.5;
				MARKETING_VERSION = 1.0;
				PRODUCT_BUNDLE_IDENTIFIER = "com.abdul.Tally-MeTests";
				PRODUCT_NAME = "$(TARGET_NAME)";
				SDKROOT = auto;
				SUPPORTED_PLATFORMS = "iphoneos iphonesimulator macosx";
				SWIFT_EMIT_LOC_STRINGS = NO;
				SWIFT_VERSION = 5.0;
				TARGETED_DEVICE_FAMILY = "1,2";
				TEST_HOST = "$(BUILT_PRODUCTS_DIR)/Tally Me.app/$(BUNDLE_EXECUTABLE_FOLDER_PATH)/Tally Me";
			};
			name = Debug;
		};
		96967F042C1E02E0004F43B6 /* Release */ = {
			isa = XCBuildConfiguration;
			buildSettings = {
				ALWAYS_EMBED_SWIFT_STANDARD_LIBRARIES = YES;
				BUNDLE_LOADER = "$(TEST_HOST)";
				CODE_SIGN_STYLE = Automatic;
				CURRENT_PROJECT_VERSION = 1;
				DEVELOPMENT_TEAM = N8K7U35P26;
				GENERATE_INFOPLIST_FILE = YES;
				IPHONEOS_DEPLOYMENT_TARGET = 17.5;
				MACOSX_DEPLOYMENT_TARGET = 14.5;
				MARKETING_VERSION = 1.0;
				PRODUCT_BUNDLE_IDENTIFIER = "com.abdul.Tally-MeTests";
				PRODUCT_NAME = "$(TARGET_NAME)";
				SDKROOT = auto;
				SUPPORTED_PLATFORMS = "iphoneos iphonesimulator macosx";
				SWIFT_EMIT_LOC_STRINGS = NO;
				SWIFT_VERSION = 5.0;
				TARGETED_DEVICE_FAMILY = "1,2";
				TEST_HOST = "$(BUILT_PRODUCTS_DIR)/Tally Me.app/$(BUNDLE_EXECUTABLE_FOLDER_PATH)/Tally Me";
			};
			name = Release;
		};
		96967F062C1E02E0004F43B6 /* Debug */ = {
			isa = XCBuildConfiguration;
			buildSettings = {
				ALWAYS_EMBED_SWIFT_STANDARD_LIBRARIES = YES;
				CODE_SIGN_STYLE = Automatic;
				CURRENT_PROJECT_VERSION = 1;
				DEVELOPMENT_TEAM = N8K7U35P26;
				GENERATE_INFOPLIST_FILE = YES;
				IPHONEOS_DEPLOYMENT_TARGET = 17.5;
				MACOSX_DEPLOYMENT_TARGET = 14.5;
				MARKETING_VERSION = 1.0;
				PRODUCT_BUNDLE_IDENTIFIER = "com.abdul.Tally-MeUITests";
				PRODUCT_NAME = "$(TARGET_NAME)";
				SDKROOT = auto;
				SUPPORTED_PLATFORMS = "iphoneos iphonesimulator macosx";
				SWIFT_EMIT_LOC_STRINGS = NO;
				SWIFT_VERSION = 5.0;
				TARGETED_DEVICE_FAMILY = "1,2";
				TEST_TARGET_NAME = "Tally Me";
			};
			name = Debug;
		};
		96967F072C1E02E0004F43B6 /* Release */ = {
			isa = XCBuildConfiguration;
			buildSettings = {
				ALWAYS_EMBED_SWIFT_STANDARD_LIBRARIES = YES;
				CODE_SIGN_STYLE = Automatic;
				CURRENT_PROJECT_VERSION = 1;
				DEVELOPMENT_TEAM = N8K7U35P26;
				GENERATE_INFOPLIST_FILE = YES;
				IPHONEOS_DEPLOYMENT_TARGET = 17.5;
				MACOSX_DEPLOYMENT_TARGET = 14.5;
				MARKETING_VERSION = 1.0;
				PRODUCT_BUNDLE_IDENTIFIER = "com.abdul.Tally-MeUITests";
				PRODUCT_NAME = "$(TARGET_NAME)";
				SDKROOT = auto;
				SUPPORTED_PLATFORMS = "iphoneos iphonesimulator macosx";
				SWIFT_EMIT_LOC_STRINGS = NO;
				SWIFT_VERSION = 5.0;
				TARGETED_DEVICE_FAMILY = "1,2";
				TEST_TARGET_NAME = "Tally Me";
			};
			name = Release;
		};
/* End XCBuildConfiguration section */

/* Begin XCConfigurationList section */
		96967ED52C1E02DE004F43B6 /* Build configuration list for PBXProject "Tally Me" */ = {
			isa = XCConfigurationList;
			buildConfigurations = (
				96967EFD2C1E02E0004F43B6 /* Debug */,
				96967EFE2C1E02E0004F43B6 /* Release */,
			);
			defaultConfigurationIsVisible = 0;
			defaultConfigurationName = Release;
		};
		96967EFF2C1E02E0004F43B6 /* Build configuration list for PBXNativeTarget "Tally Me" */ = {
			isa = XCConfigurationList;
			buildConfigurations = (
				96967F002C1E02E0004F43B6 /* Debug */,
				96967F012C1E02E0004F43B6 /* Release */,
			);
			defaultConfigurationIsVisible = 0;
			defaultConfigurationName = Release;
		};
		96967F022C1E02E0004F43B6 /* Build configuration list for PBXNativeTarget "Tally MeTests" */ = {
			isa = XCConfigurationList;
			buildConfigurations = (
				96967F032C1E02E0004F43B6 /* Debug */,
				96967F042C1E02E0004F43B6 /* Release */,
			);
			defaultConfigurationIsVisible = 0;
			defaultConfigurationName = Release;
		};
		96967F052C1E02E0004F43B6 /* Build configuration list for PBXNativeTarget "Tally MeUITests" */ = {
			isa = XCConfigurationList;
			buildConfigurations = (
				96967F062C1E02E0004F43B6 /* Debug */,
				96967F072C1E02E0004F43B6 /* Release */,
			);
			defaultConfigurationIsVisible = 0;
			defaultConfigurationName = Release;
		};
/* End XCConfigurationList section */
	};
	rootObject = 96967ED22C1E02DE004F43B6 /* Project object */;
}
